
Microsoft Visual Studio Solution File, Format Version 12.00
# Visual Studio Version 16
VisualStudioVersion = 16.0.29911.84
MinimumVisualStudioVersion = 10.0.40219.1
Project("{9A19103F-16F7-4668-BE54-9A1E7A4F7556}") = "Wordzz", "src\Wordzz\Wordzz.csproj", "{550DDD6B-5CB5-4D27-B8D7-54B289B2D96B}"
EndProject
Project("{2150E333-8FDC-42A3-9474-1A3956D46DE8}") = "Solution Items", "Solution Items", "{F618D906-B3BD-4220-8EE9-0017994BE0EF}"
	ProjectSection(SolutionItems) = preProject
		.dockerignore = .dockerignore
		.gitignore = .gitignore
		docker-compose-dev.yml = docker-compose-dev.yml
		docker-compose.yml = docker-compose.yml
		Dockerfile = Dockerfile
		dockerPublish.ps = dockerPublish.ps
		README.md = README.md
		_Wordzz_Init_Script\wordzz.mysql.sql = _Wordzz_Init_Script\wordzz.mysql.sql
	EndProjectSection
EndProject
Project("{9A19103F-16F7-4668-BE54-9A1E7A4F7556}") = "Wordzz.Contracts", "src\Contracts\Wordzz.Contracts.csproj", "{1FA52692-CCDA-4DDD-A8B5-A5F9E3E52DC0}"
EndProject
Project("{9A19103F-16F7-4668-BE54-9A1E7A4F7556}") = "Wordzz.Tests", "tests\Wordzz.Tests\Wordzz.Tests.csproj", "{64AC35A8-A4F5-4A05-9531-1958BE79AA07}"
EndProject
Global
	GlobalSection(SolutionConfigurationPlatforms) = preSolution
		Debug|Any CPU = Debug|Any CPU
		Release|Any CPU = Release|Any CPU
	EndGlobalSection
	GlobalSection(ProjectConfigurationPlatforms) = postSolution
		{550DDD6B-5CB5-4D27-B8D7-54B289B2D96B}.Debug|Any CPU.ActiveCfg = Debug|Any CPU
		{550DDD6B-5CB5-4D27-B8D7-54B289B2D96B}.Debug|Any CPU.Build.0 = Debug|Any CPU
		{550DDD6B-5CB5-4D27-B8D7-54B289B2D96B}.Release|Any CPU.ActiveCfg = Release|Any CPU
		{550DDD6B-5CB5-4D27-B8D7-54B289B2D96B}.Release|Any CPU.Build.0 = Release|Any CPU
		{1FA52692-CCDA-4DDD-A8B5-A5F9E3E52DC0}.Debug|Any CPU.ActiveCfg = Debug|Any CPU
		{1FA52692-CCDA-4DDD-A8B5-A5F9E3E52DC0}.Debug|Any CPU.Build.0 = Debug|Any CPU
		{1FA52692-CCDA-4DDD-A8B5-A5F9E3E52DC0}.Release|Any CPU.ActiveCfg = Release|Any CPU
		{1FA52692-CCDA-4DDD-A8B5-A5F9E3E52DC0}.Release|Any CPU.Build.0 = Release|Any CPU
		{64AC35A8-A4F5-4A05-9531-1958BE79AA07}.Debug|Any CPU.ActiveCfg = Debug|Any CPU
		{64AC35A8-A4F5-4A05-9531-1958BE79AA07}.Debug|Any CPU.Build.0 = Debug|Any CPU
		{64AC35A8-A4F5-4A05-9531-1958BE79AA07}.Release|Any CPU.ActiveCfg = Release|Any CPU
		{64AC35A8-A4F5-4A05-9531-1958BE79AA07}.Release|Any CPU.Build.0 = Release|Any CPU
	EndGlobalSection
	GlobalSection(SolutionProperties) = preSolution
		HideSolutionNode = FALSE
	EndGlobalSection
	GlobalSection(ExtensibilityGlobals) = postSolution
		SolutionGuid = {85B2ADC9-B9F9-489F-9345-026CD08B115D}
	EndGlobalSection
EndGlobal
